
Microsoft Visual Studio Solution File, Format Version 12.00
# Visual Studio 2013
VisualStudioVersion = 12.0.31101.0
MinimumVisualStudioVersion = 10.0.40219.1
Project("{FAE04EC0-301F-11D3-BF4B-00C04F79EFBC}") = "ElevatorGenetic_218_Hard", "ElevatorGenetic\ElevatorGenetic_218_Hard.csproj", "{6CB6444D-54B0-4B27-B1C2-D96565915E4A}"
EndProject
Global
	GlobalSection(SolutionConfigurationPlatforms) = preSolution
		Debug|Any CPU = Debug|Any CPU
		Release|Any CPU = Release|Any CPU
	EndGlobalSection
	GlobalSection(ProjectConfigurationPlatforms) = postSolution
		{6CB6444D-54B0-4B27-B1C2-D96565915E4A}.Debug|Any CPU.ActiveCfg = Debug|Any CPU
		{6CB6444D-54B0-4B27-B1C2-D96565915E4A}.Debug|Any CPU.Build.0 = Debug|Any CPU
		{6CB6444D-54B0-4B27-B1C2-D96565915E4A}.Release|Any CPU.ActiveCfg = Release|Any CPU
		{6CB6444D-54B0-4B27-B1C2-D96565915E4A}.Release|Any CPU.Build.0 = Release|Any CPU
	EndGlobalSection
	GlobalSection(SolutionProperties) = preSolution
		HideSolutionNode = FALSE
	EndGlobalSection
EndGlobal
